// !$*UTF8*$!
{
	archiveVersion = 1;
	classes = {
	};
	objectVersion = 46;
	objects = {

/* Begin PBXBuildFile section */
		C404048419060F6300B264BA /* Foundation.framework in Frameworks */ = {isa = PBXBuildFile; fileRef = C404048319060F6300B264BA /* Foundation.framework */; };
		C404048619060F6300B264BA /* CoreGraphics.framework in Frameworks */ = {isa = PBXBuildFile; fileRef = C404048519060F6300B264BA /* CoreGraphics.framework */; };
		C404048819060F6300B264BA /* UIKit.framework in Frameworks */ = {isa = PBXBuildFile; fileRef = C404048719060F6300B264BA /* UIKit.framework */; };
		C404048E19060F6300B264BA /* InfoPlist.strings in Resources */ = {isa = PBXBuildFile; fileRef = C404048C19060F6300B264BA /* InfoPlist.strings */; };
		C404049019060F6300B264BA /* main.m in Sources */ = {isa = PBXBuildFile; fileRef = C404048F19060F6300B264BA /* main.m */; };
		C404049419060F6300B264BA /* AppDelegate.m in Sources */ = {isa = PBXBuildFile; fileRef = C404049319060F6300B264BA /* AppDelegate.m */; };
		C404049719060F6300B264BA /* Main.storyboard in Resources */ = {isa = PBXBuildFile; fileRef = C404049519060F6300B264BA /* Main.storyboard */; };
		C404049A19060F6300B264BA /* ViewController.m in Sources */ = {isa = PBXBuildFile; fileRef = C404049919060F6300B264BA /* ViewController.m */; };
		C404049C19060F6300B264BA /* Images.xcassets in Resources */ = {isa = PBXBuildFile; fileRef = C404049B19060F6300B264BA /* Images.xcassets */; };
		C40404A319060F6300B264BA /* XCTest.framework in Frameworks */ = {isa = PBXBuildFile; fileRef = C40404A219060F6300B264BA /* XCTest.framework */; };
		C40404A419060F6300B264BA /* Foundation.framework in Frameworks */ = {isa = PBXBuildFile; fileRef = C404048319060F6300B264BA /* Foundation.framework */; };
		C40404A519060F6300B264BA /* UIKit.framework in Frameworks */ = {isa = PBXBuildFile; fileRef = C404048719060F6300B264BA /* UIKit.framework */; };
		C40404AD19060F6300B264BA /* InfoPlist.strings in Resources */ = {isa = PBXBuildFile; fileRef = C40404AB19060F6300B264BA /* InfoPlist.strings */; };
		C40404AF19060F6300B264BA /* ExampleTests.m in Sources */ = {isa = PBXBuildFile; fileRef = C40404AE19060F6300B264BA /* ExampleTests.m */; };
		C40404B919060F8900B264BA /* libJaaleeBeaconSDK.a in Frameworks */ = {isa = PBXBuildFile; fileRef = C40404B819060F8900B264BA /* libJaaleeBeaconSDK.a */; };
		C47E6CC41B0AF16A004B0B09 /* JLEURIBeaconDemo.m in Sources */ = {isa = PBXBuildFile; fileRef = C47E6CC31B0AF16A004B0B09 /* JLEURIBeaconDemo.m */; };
		C497E32C1B141F4C005A3140 /* AccViewController.m in Sources */ = {isa = PBXBuildFile; fileRef = C497E31D1B141F4C005A3140 /* AccViewController.m */; };
		C497E32D1B141F4C005A3140 /* BaseViewController.m in Sources */ = {isa = PBXBuildFile; fileRef = C497E31F1B141F4C005A3140 /* BaseViewController.m */; };
		C497E32E1B141F4C005A3140 /* BeaconStateViewController.m in Sources */ = {isa = PBXBuildFile; fileRef = C497E3211B141F4C005A3140 /* BeaconStateViewController.m */; };
		C497E32F1B141F4C005A3140 /* iBeaconViewController.m in Sources */ = {isa = PBXBuildFile; fileRef = C497E3231B141F4C005A3140 /* iBeaconViewController.m */; };
		C497E3301B141F4C005A3140 /* MainViewController.m in Sources */ = {isa = PBXBuildFile; fileRef = C497E3251B141F4C005A3140 /* MainViewController.m */; };
		C497E3311B141F4C005A3140 /* MotionViewController.m in Sources */ = {isa = PBXBuildFile; fileRef = C497E3271B141F4C005A3140 /* MotionViewController.m */; };
		C497E3321B141F4C005A3140 /* PositionViewController.m in Sources */ = {isa = PBXBuildFile; fileRef = C497E3291B141F4C005A3140 /* PositionViewController.m */; };
		C497E3331B141F4C005A3140 /* URIViewController.m in Sources */ = {isa = PBXBuildFile; fileRef = C497E32B1B141F4C005A3140 /* URIViewController.m */; };
		C497E33F1B141F78005A3140 /* libJaaleeBeaconSDK.a in Frameworks */ = {isa = PBXBuildFile; fileRef = C497E33E1B141F78005A3140 /* libJaaleeBeaconSDK.a */; };
		C49E58501B0EDD5A002B8718 /* position_a.png in Resources */ = {isa = PBXBuildFile; fileRef = C49E584F1B0EDD5A002B8718 /* position_a.png */; };
		C49E58571B0EDD63002B8718 /* motion.png in Resources */ = {isa = PBXBuildFile; fileRef = C49E58511B0EDD63002B8718 /* motion.png */; };
		C49E58581B0EDD63002B8718 /* position_b.png in Resources */ = {isa = PBXBuildFile; fileRef = C49E58521B0EDD63002B8718 /* position_b.png */; };
		C49E58591B0EDD63002B8718 /* position_c.png in Resources */ = {isa = PBXBuildFile; fileRef = C49E58531B0EDD63002B8718 /* position_c.png */; };
		C49E585A1B0EDD63002B8718 /* position_d.png in Resources */ = {isa = PBXBuildFile; fileRef = C49E58541B0EDD63002B8718 /* position_d.png */; };
		C49E585B1B0EDD63002B8718 /* position_e.png in Resources */ = {isa = PBXBuildFile; fileRef = C49E58551B0EDD63002B8718 /* position_e.png */; };
		C49E585C1B0EDD63002B8718 /* position_f.png in Resources */ = {isa = PBXBuildFile; fileRef = C49E58561B0EDD63002B8718 /* position_f.png */; };
		C49E58741B0EFD3C002B8718 /* AudioToolbox.framework in Frameworks */ = {isa = PBXBuildFile; fileRef = C49E58731B0EFD3C002B8718 /* AudioToolbox.framework */; };
		C4D9B9C51908E467009983B6 /* far_image.png in Resources */ = {isa = PBXBuildFile; fileRef = C4D9B9C11908E467009983B6 /* far_image.png */; };
		C4D9B9C61908E467009983B6 /* immediate_image.png in Resources */ = {isa = PBXBuildFile; fileRef = C4D9B9C21908E467009983B6 /* immediate_image.png */; };
		C4D9B9C71908E467009983B6 /* near_image.png in Resources */ = {isa = PBXBuildFile; fileRef = C4D9B9C31908E467009983B6 /* near_image.png */; };
		C4D9B9C81908E467009983B6 /* unknown_image.png in Resources */ = {isa = PBXBuildFile; fileRef = C4D9B9C41908E467009983B6 /* unknown_image.png */; };
		C4D9B9DE1909558C009983B6 /* SVProgressHUD.bundle in Resources */ = {isa = PBXBuildFile; fileRef = C4D9B9DB1909558C009983B6 /* SVProgressHUD.bundle */; };
		C4D9B9DF1909558C009983B6 /* WaitProgressShow.m in Sources */ = {isa = PBXBuildFile; fileRef = C4D9B9DD1909558C009983B6 /* WaitProgressShow.m */; };
		C4E42C911907C88C00A8152C /* JLEReadBeaconParameters.m in Sources */ = {isa = PBXBuildFile; fileRef = C4E42C901907C88C00A8152C /* JLEReadBeaconParameters.m */; };
		C4E42C951907C8E800A8152C /* JLEConfigBeacon.m in Sources */ = {isa = PBXBuildFile; fileRef = C4E42C941907C8E800A8152C /* JLEConfigBeacon.m */; };
		C4E42C981907C90200A8152C /* JLEDistancesDemo.m in Sources */ = {isa = PBXBuildFile; fileRef = C4E42C971907C90200A8152C /* JLEDistancesDemo.m */; };
		C4E42C9B1907C94000A8152C /* JLEProximityDemo.m in Sources */ = {isa = PBXBuildFile; fileRef = C4E42C9A1907C94000A8152C /* JLEProximityDemo.m */; };
		C4E42C9E1907C95B00A8152C /* JLENotificationDemo.m in Sources */ = {isa = PBXBuildFile; fileRef = C4E42C9D1907C95B00A8152C /* JLENotificationDemo.m */; };
/* End PBXBuildFile section */

/* Begin PBXContainerItemProxy section */
		C40404A619060F6300B264BA /* PBXContainerItemProxy */ = {
			isa = PBXContainerItemProxy;
			containerPortal = C404047819060F6300B264BA /* Project object */;
			proxyType = 1;
			remoteGlobalIDString = C404047F19060F6300B264BA;
			remoteInfo = Example;
		};
/* End PBXContainerItemProxy section */

/* Begin PBXFileReference section */
		C404048019060F6300B264BA /* Example.app */ = {isa = PBXFileReference; explicitFileType = wrapper.application; includeInIndex = 0; path = Example.app; sourceTree = BUILT_PRODUCTS_DIR; };
		C404048319060F6300B264BA /* Foundation.framework */ = {isa = PBXFileReference; lastKnownFileType = wrapper.framework; name = Foundation.framework; path = System/Library/Frameworks/Foundation.framework; sourceTree = SDKROOT; };
		C404048519060F6300B264BA /* CoreGraphics.framework */ = {isa = PBXFileReference; lastKnownFileType = wrapper.framework; name = CoreGraphics.framework; path = System/Library/Frameworks/CoreGraphics.framework; sourceTree = SDKROOT; };
		C404048719060F6300B264BA /* UIKit.framework */ = {isa = PBXFileReference; lastKnownFileType = wrapper.framework; name = UIKit.framework; path = System/Library/Frameworks/UIKit.framework; sourceTree = SDKROOT; };
		C404048B19060F6300B264BA /* Example-Info.plist */ = {isa = PBXFileReference; lastKnownFileType = text.plist.xml; path = "Example-Info.plist"; sourceTree = "<group>"; };
		C404048D19060F6300B264BA /* en */ = {isa = PBXFileReference; lastKnownFileType = text.plist.strings; name = en; path = en.lproj/InfoPlist.strings; sourceTree = "<group>"; };
		C404048F19060F6300B264BA /* main.m */ = {isa = PBXFileReference; lastKnownFileType = sourcecode.c.objc; path = main.m; sourceTree = "<group>"; };
		C404049119060F6300B264BA /* Example-Prefix.pch */ = {isa = PBXFileReference; lastKnownFileType = sourcecode.c.h; path = "Example-Prefix.pch"; sourceTree = "<group>"; };
		C404049219060F6300B264BA /* AppDelegate.h */ = {isa = PBXFileReference; lastKnownFileType = sourcecode.c.h; path = AppDelegate.h; sourceTree = "<group>"; };
		C404049319060F6300B264BA /* AppDelegate.m */ = {isa = PBXFileReference; lastKnownFileType = sourcecode.c.objc; path = AppDelegate.m; sourceTree = "<group>"; };
		C404049619060F6300B264BA /* Base */ = {isa = PBXFileReference; lastKnownFileType = file.storyboard; name = Base; path = Base.lproj/Main.storyboard; sourceTree = "<group>"; };
		C404049819060F6300B264BA /* ViewController.h */ = {isa = PBXFileReference; lastKnownFileType = sourcecode.c.h; path = ViewController.h; sourceTree = "<group>"; };
		C404049919060F6300B264BA /* ViewController.m */ = {isa = PBXFileReference; lastKnownFileType = sourcecode.c.objc; path = ViewController.m; sourceTree = "<group>"; };
		C404049B19060F6300B264BA /* Images.xcassets */ = {isa = PBXFileReference; lastKnownFileType = folder.assetcatalog; path = Images.xcassets; sourceTree = "<group>"; };
		C40404A119060F6300B264BA /* ExampleTests.xctest */ = {isa = PBXFileReference; explicitFileType = wrapper.cfbundle; includeInIndex = 0; path = ExampleTests.xctest; sourceTree = BUILT_PRODUCTS_DIR; };
		C40404A219060F6300B264BA /* XCTest.framework */ = {isa = PBXFileReference; lastKnownFileType = wrapper.framework; name = XCTest.framework; path = Library/Frameworks/XCTest.framework; sourceTree = DEVELOPER_DIR; };
		C40404AA19060F6300B264BA /* ExampleTests-Info.plist */ = {isa = PBXFileReference; lastKnownFileType = text.plist.xml; path = "ExampleTests-Info.plist"; sourceTree = "<group>"; };
		C40404AC19060F6300B264BA /* en */ = {isa = PBXFileReference; lastKnownFileType = text.plist.strings; name = en; path = en.lproj/InfoPlist.strings; sourceTree = "<group>"; };
		C40404AE19060F6300B264BA /* ExampleTests.m */ = {isa = PBXFileReference; lastKnownFileType = sourcecode.c.objc; path = ExampleTests.m; sourceTree = "<group>"; };
		C40404B819060F8900B264BA /* libJaaleeBeaconSDK.a */ = {isa = PBXFileReference; lastKnownFileType = archive.ar; name = libJaaleeBeaconSDK.a; path = "../JaaleeBeaconSDK/build/Debug-iphoneos/libJaaleeBeaconSDK.a"; sourceTree = "<group>"; };
		C47E6CC21B0AF16A004B0B09 /* JLEURIBeaconDemo.h */ = {isa = PBXFileReference; fileEncoding = 4; lastKnownFileType = sourcecode.c.h; path = JLEURIBeaconDemo.h; sourceTree = "<group>"; };
		C47E6CC31B0AF16A004B0B09 /* JLEURIBeaconDemo.m */ = {isa = PBXFileReference; fileEncoding = 4; lastKnownFileType = sourcecode.c.objc; path = JLEURIBeaconDemo.m; sourceTree = "<group>"; };
		C497E31C1B141F4C005A3140 /* AccViewController.h */ = {isa = PBXFileReference; fileEncoding = 4; lastKnownFileType = sourcecode.c.h; name = AccViewController.h; path = Connection/AccViewController.h; sourceTree = "<group>"; };
		C497E31D1B141F4C005A3140 /* AccViewController.m */ = {isa = PBXFileReference; fileEncoding = 4; lastKnownFileType = sourcecode.c.objc; name = AccViewController.m; path = Connection/AccViewController.m; sourceTree = "<group>"; };
		C497E31E1B141F4C005A3140 /* BaseViewController.h */ = {isa = PBXFileReference; fileEncoding = 4; lastKnownFileType = sourcecode.c.h; name = BaseViewController.h; path = Connection/BaseViewController.h; sourceTree = "<group>"; };
		C497E31F1B141F4C005A3140 /* BaseViewController.m */ = {isa = PBXFileReference; fileEncoding = 4; lastKnownFileType = sourcecode.c.objc; name = BaseViewController.m; path = Connection/BaseViewController.m; sourceTree = "<group>"; };
		C497E3201B141F4C005A3140 /* BeaconStateViewController.h */ = {isa = PBXFileReference; fileEncoding = 4; lastKnownFileType = sourcecode.c.h; name = BeaconStateViewController.h; path = Connection/BeaconStateViewController.h; sourceTree = "<group>"; };
		C497E3211B141F4C005A3140 /* BeaconStateViewController.m */ = {isa = PBXFileReference; fileEncoding = 4; lastKnownFileType = sourcecode.c.objc; name = BeaconStateViewController.m; path = Connection/BeaconStateViewController.m; sourceTree = "<group>"; };
		C497E3221B141F4C005A3140 /* iBeaconViewController.h */ = {isa = PBXFileReference; fileEncoding = 4; lastKnownFileType = sourcecode.c.h; name = iBeaconViewController.h; path = Connection/iBeaconViewController.h; sourceTree = "<group>"; };
		C497E3231B141F4C005A3140 /* iBeaconViewController.m */ = {isa = PBXFileReference; fileEncoding = 4; lastKnownFileType = sourcecode.c.objc; name = iBeaconViewController.m; path = Connection/iBeaconViewController.m; sourceTree = "<group>"; };
		C497E3241B141F4C005A3140 /* MainViewController.h */ = {isa = PBXFileReference; fileEncoding = 4; lastKnownFileType = sourcecode.c.h; name = MainViewController.h; path = Connection/MainViewController.h; sourceTree = "<group>"; };
		C497E3251B141F4C005A3140 /* MainViewController.m */ = {isa = PBXFileReference; fileEncoding = 4; lastKnownFileType = sourcecode.c.objc; name = MainViewController.m; path = Connection/MainViewController.m; sourceTree = "<group>"; };
		C497E3261B141F4C005A3140 /* MotionViewController.h */ = {isa = PBXFileReference; fileEncoding = 4; lastKnownFileType = sourcecode.c.h; name = MotionViewController.h; path = Connection/MotionViewController.h; sourceTree = "<group>"; };
		C497E3271B141F4C005A3140 /* MotionViewController.m */ = {isa = PBXFileReference; fileEncoding = 4; lastKnownFileType = sourcecode.c.objc; name = MotionViewController.m; path = Connection/MotionViewController.m; sourceTree = "<group>"; };
		C497E3281B141F4C005A3140 /* PositionViewController.h */ = {isa = PBXFileReference; fileEncoding = 4; lastKnownFileType = sourcecode.c.h; name = PositionViewController.h; path = Connection/PositionViewController.h; sourceTree = "<group>"; };
		C497E3291B141F4C005A3140 /* PositionViewController.m */ = {isa = PBXFileReference; fileEncoding = 4; lastKnownFileType = sourcecode.c.objc; name = PositionViewController.m; path = Connection/PositionViewController.m; sourceTree = "<group>"; };
		C497E32A1B141F4C005A3140 /* URIViewController.h */ = {isa = PBXFileReference; fileEncoding = 4; lastKnownFileType = sourcecode.c.h; name = URIViewController.h; path = Connection/URIViewController.h; sourceTree = "<group>"; };
		C497E32B1B141F4C005A3140 /* URIViewController.m */ = {isa = PBXFileReference; fileEncoding = 4; lastKnownFileType = sourcecode.c.objc; name = URIViewController.m; path = Connection/URIViewController.m; sourceTree = "<group>"; };
		C497E3351B141F78005A3140 /* JAALEEBeaconSDK.h */ = {isa = PBXFileReference; fileEncoding = 4; lastKnownFileType = sourcecode.c.h; name = JAALEEBeaconSDK.h; path = ../SDK/JAALEEBeaconSDK.h; sourceTree = "<group>"; };
		C497E3361B141F78005A3140 /* JLEBeacon.h */ = {isa = PBXFileReference; fileEncoding = 4; lastKnownFileType = sourcecode.c.h; name = JLEBeacon.h; path = ../SDK/JLEBeacon.h; sourceTree = "<group>"; };
		C497E3371B141F78005A3140 /* JLEBeaconConfigManager.h */ = {isa = PBXFileReference; fileEncoding = 4; lastKnownFileType = sourcecode.c.h; name = JLEBeaconConfigManager.h; path = ../SDK/JLEBeaconConfigManager.h; sourceTree = "<group>"; };
		C497E3381B141F78005A3140 /* JLEBeaconDefinitions.h */ = {isa = PBXFileReference; fileEncoding = 4; lastKnownFileType = sourcecode.c.h; name = JLEBeaconDefinitions.h; path = ../SDK/JLEBeaconDefinitions.h; sourceTree = "<group>"; };
		C497E3391B141F78005A3140 /* JLEBeaconDevice.h */ = {isa = PBXFileReference; fileEncoding = 4; lastKnownFileType = sourcecode.c.h; name = JLEBeaconDevice.h; path = ../SDK/JLEBeaconDevice.h; sourceTree = "<group>"; };
		C497E33A1B141F78005A3140 /* JLEBeaconManager.h */ = {isa = PBXFileReference; fileEncoding = 4; lastKnownFileType = sourcecode.c.h; name = JLEBeaconManager.h; path = ../SDK/JLEBeaconManager.h; sourceTree = "<group>"; };
		C497E33B1B141F78005A3140 /* JLEBeaconRegion.h */ = {isa = PBXFileReference; fileEncoding = 4; lastKnownFileType = sourcecode.c.h; name = JLEBeaconRegion.h; path = ../SDK/JLEBeaconRegion.h; sourceTree = "<group>"; };
		C497E33C1B141F78005A3140 /* JLEURIBeacon.h */ = {isa = PBXFileReference; fileEncoding = 4; lastKnownFileType = sourcecode.c.h; name = JLEURIBeacon.h; path = ../SDK/JLEURIBeacon.h; sourceTree = "<group>"; };
		C497E33D1B141F78005A3140 /* JLEURIBeaconManager.h */ = {isa = PBXFileReference; fileEncoding = 4; lastKnownFileType = sourcecode.c.h; name = JLEURIBeaconManager.h; path = ../SDK/JLEURIBeaconManager.h; sourceTree = "<group>"; };
		C497E33E1B141F78005A3140 /* libJaaleeBeaconSDK.a */ = {isa = PBXFileReference; lastKnownFileType = archive.ar; name = libJaaleeBeaconSDK.a; path = ../SDK/libJaaleeBeaconSDK.a; sourceTree = "<group>"; };
		C49E584F1B0EDD5A002B8718 /* position_a.png */ = {isa = PBXFileReference; lastKnownFileType = image.png; name = position_a.png; path = Res/position_a.png; sourceTree = "<group>"; };
		C49E58511B0EDD63002B8718 /* motion.png */ = {isa = PBXFileReference; lastKnownFileType = image.png; name = motion.png; path = Res/motion.png; sourceTree = "<group>"; };
		C49E58521B0EDD63002B8718 /* position_b.png */ = {isa = PBXFileReference; lastKnownFileType = image.png; name = position_b.png; path = Res/position_b.png; sourceTree = "<group>"; };
		C49E58531B0EDD63002B8718 /* position_c.png */ = {isa = PBXFileReference; lastKnownFileType = image.png; name = position_c.png; path = Res/position_c.png; sourceTree = "<group>"; };
		C49E58541B0EDD63002B8718 /* position_d.png */ = {isa = PBXFileReference; lastKnownFileType = image.png; name = position_d.png; path = Res/position_d.png; sourceTree = "<group>"; };
		C49E58551B0EDD63002B8718 /* position_e.png */ = {isa = PBXFileReference; lastKnownFileType = image.png; name = position_e.png; path = Res/position_e.png; sourceTree = "<group>"; };
		C49E58561B0EDD63002B8718 /* position_f.png */ = {isa = PBXFileReference; lastKnownFileType = image.png; name = position_f.png; path = Res/position_f.png; sourceTree = "<group>"; };
		C49E58731B0EFD3C002B8718 /* AudioToolbox.framework */ = {isa = PBXFileReference; lastKnownFileType = wrapper.framework; name = AudioToolbox.framework; path = System/Library/Frameworks/AudioToolbox.framework; sourceTree = SDKROOT; };
		C4D9B9C11908E467009983B6 /* far_image.png */ = {isa = PBXFileReference; lastKnownFileType = image.png; name = far_image.png; path = Res/far_image.png; sourceTree = "<group>"; };
		C4D9B9C21908E467009983B6 /* immediate_image.png */ = {isa = PBXFileReference; lastKnownFileType = image.png; name = immediate_image.png; path = Res/immediate_image.png; sourceTree = "<group>"; };
		C4D9B9C31908E467009983B6 /* near_image.png */ = {isa = PBXFileReference; lastKnownFileType = image.png; name = near_image.png; path = Res/near_image.png; sourceTree = "<group>"; };
		C4D9B9C41908E467009983B6 /* unknown_image.png */ = {isa = PBXFileReference; lastKnownFileType = image.png; name = unknown_image.png; path = Res/unknown_image.png; sourceTree = "<group>"; };
		C4D9B9DB1909558C009983B6 /* SVProgressHUD.bundle */ = {isa = PBXFileReference; lastKnownFileType = "wrapper.plug-in"; path = SVProgressHUD.bundle; sourceTree = "<group>"; };
		C4D9B9DC1909558C009983B6 /* WaitProgressShow.h */ = {isa = PBXFileReference; fileEncoding = 4; lastKnownFileType = sourcecode.c.h; path = WaitProgressShow.h; sourceTree = "<group>"; };
		C4D9B9DD1909558C009983B6 /* WaitProgressShow.m */ = {isa = PBXFileReference; fileEncoding = 4; lastKnownFileType = sourcecode.c.objc; path = WaitProgressShow.m; sourceTree = "<group>"; };
		C4E42C8F1907C88C00A8152C /* JLEReadBeaconParameters.h */ = {isa = PBXFileReference; fileEncoding = 4; lastKnownFileType = sourcecode.c.h; name = JLEReadBeaconParameters.h; path = Example/JLEReadBeaconParameters.h; sourceTree = "<group>"; };
		C4E42C901907C88C00A8152C /* JLEReadBeaconParameters.m */ = {isa = PBXFileReference; fileEncoding = 4; lastKnownFileType = sourcecode.c.objc; name = JLEReadBeaconParameters.m; path = Example/JLEReadBeaconParameters.m; sourceTree = "<group>"; };
		C4E42C931907C8E800A8152C /* JLEConfigBeacon.h */ = {isa = PBXFileReference; fileEncoding = 4; lastKnownFileType = sourcecode.c.h; path = JLEConfigBeacon.h; sourceTree = "<group>"; };
		C4E42C941907C8E800A8152C /* JLEConfigBeacon.m */ = {isa = PBXFileReference; fileEncoding = 4; lastKnownFileType = sourcecode.c.objc; path = JLEConfigBeacon.m; sourceTree = "<group>"; };
		C4E42C961907C90200A8152C /* JLEDistancesDemo.h */ = {isa = PBXFileReference; fileEncoding = 4; lastKnownFileType = sourcecode.c.h; path = JLEDistancesDemo.h; sourceTree = "<group>"; };
		C4E42C971907C90200A8152C /* JLEDistancesDemo.m */ = {isa = PBXFileReference; fileEncoding = 4; lastKnownFileType = sourcecode.c.objc; path = JLEDistancesDemo.m; sourceTree = "<group>"; };
		C4E42C991907C94000A8152C /* JLEProximityDemo.h */ = {isa = PBXFileReference; fileEncoding = 4; lastKnownFileType = sourcecode.c.h; path = JLEProximityDemo.h; sourceTree = "<group>"; };
		C4E42C9A1907C94000A8152C /* JLEProximityDemo.m */ = {isa = PBXFileReference; fileEncoding = 4; lastKnownFileType = sourcecode.c.objc; path = JLEProximityDemo.m; sourceTree = "<group>"; };
		C4E42C9C1907C95B00A8152C /* JLENotificationDemo.h */ = {isa = PBXFileReference; fileEncoding = 4; lastKnownFileType = sourcecode.c.h; path = JLENotificationDemo.h; sourceTree = "<group>"; };
		C4E42C9D1907C95B00A8152C /* JLENotificationDemo.m */ = {isa = PBXFileReference; fileEncoding = 4; lastKnownFileType = sourcecode.c.objc; path = JLENotificationDemo.m; sourceTree = "<group>"; };
/* End PBXFileReference section */

/* Begin PBXFrameworksBuildPhase section */
		C404047D19060F6300B264BA /* Frameworks */ = {
			isa = PBXFrameworksBuildPhase;
			buildActionMask = 2147483647;
			files = (
				C497E33F1B141F78005A3140 /* libJaaleeBeaconSDK.a in Frameworks */,
				C49E58741B0EFD3C002B8718 /* AudioToolbox.framework in Frameworks */,
				C40404B919060F8900B264BA /* libJaaleeBeaconSDK.a in Frameworks */,
				C404048619060F6300B264BA /* CoreGraphics.framework in Frameworks */,
				C404048819060F6300B264BA /* UIKit.framework in Frameworks */,
				C404048419060F6300B264BA /* Foundation.framework in Frameworks */,
			);
			runOnlyForDeploymentPostprocessing = 0;
		};
		C404049E19060F6300B264BA /* Frameworks */ = {
			isa = PBXFrameworksBuildPhase;
			buildActionMask = 2147483647;
			files = (
				C40404A319060F6300B264BA /* XCTest.framework in Frameworks */,
				C40404A519060F6300B264BA /* UIKit.framework in Frameworks */,
				C40404A419060F6300B264BA /* Foundation.framework in Frameworks */,
			);
			runOnlyForDeploymentPostprocessing = 0;
		};
/* End PBXFrameworksBuildPhase section */

/* Begin PBXGroup section */
		C404047719060F6300B264BA = {
			isa = PBXGroup;
			children = (
				C497E3341B141F65005A3140 /* SDK */,
				C49E585D1B0EE043002B8718 /* Beacon Connection */,
				C47E6CC71B0AF86B004B0B09 /* URIBeacon */,
				C4D9B9C01908E45B009983B6 /* Res */,
				C4E42C921907C89800A8152C /* Function */,
				C4E983971906220B0029EDB2 /* Inc */,
				C404048919060F6300B264BA /* Example */,
				C40404A819060F6300B264BA /* ExampleTests */,
				C404048219060F6300B264BA /* Frameworks */,
				C404048119060F6300B264BA /* Products */,
			);
			sourceTree = "<group>";
		};
		C404048119060F6300B264BA /* Products */ = {
			isa = PBXGroup;
			children = (
				C404048019060F6300B264BA /* Example.app */,
				C40404A119060F6300B264BA /* ExampleTests.xctest */,
			);
			name = Products;
			sourceTree = "<group>";
		};
		C404048219060F6300B264BA /* Frameworks */ = {
			isa = PBXGroup;
			children = (
				C49E58731B0EFD3C002B8718 /* AudioToolbox.framework */,
				C40404B819060F8900B264BA /* libJaaleeBeaconSDK.a */,
				C404048319060F6300B264BA /* Foundation.framework */,
				C404048519060F6300B264BA /* CoreGraphics.framework */,
				C404048719060F6300B264BA /* UIKit.framework */,
				C40404A219060F6300B264BA /* XCTest.framework */,
			);
			name = Frameworks;
			sourceTree = "<group>";
		};
		C404048919060F6300B264BA /* Example */ = {
			isa = PBXGroup;
			children = (
				C404049219060F6300B264BA /* AppDelegate.h */,
				C404049319060F6300B264BA /* AppDelegate.m */,
				C404049519060F6300B264BA /* Main.storyboard */,
				C404049819060F6300B264BA /* ViewController.h */,
				C404049919060F6300B264BA /* ViewController.m */,
				C404049B19060F6300B264BA /* Images.xcassets */,
				C404048A19060F6300B264BA /* Supporting Files */,
			);
			path = Example;
			sourceTree = "<group>";
		};
		C404048A19060F6300B264BA /* Supporting Files */ = {
			isa = PBXGroup;
			children = (
				C404048B19060F6300B264BA /* Example-Info.plist */,
				C404048C19060F6300B264BA /* InfoPlist.strings */,
				C404048F19060F6300B264BA /* main.m */,
				C404049119060F6300B264BA /* Example-Prefix.pch */,
			);
			name = "Supporting Files";
			sourceTree = "<group>";
		};
		C40404A819060F6300B264BA /* ExampleTests */ = {
			isa = PBXGroup;
			children = (
				C40404AE19060F6300B264BA /* ExampleTests.m */,
				C40404A919060F6300B264BA /* Supporting Files */,
			);
			path = ExampleTests;
			sourceTree = "<group>";
		};
		C40404A919060F6300B264BA /* Supporting Files */ = {
			isa = PBXGroup;
			children = (
				C40404AA19060F6300B264BA /* ExampleTests-Info.plist */,
				C40404AB19060F6300B264BA /* InfoPlist.strings */,
			);
			name = "Supporting Files";
			sourceTree = "<group>";
		};
		C47E6CC71B0AF86B004B0B09 /* URIBeacon */ = {
			isa = PBXGroup;
			children = (
			);
			name = URIBeacon;
			sourceTree = "<group>";
		};
		C497E3341B141F65005A3140 /* SDK */ = {
			isa = PBXGroup;
			children = (
				C497E3351B141F78005A3140 /* JAALEEBeaconSDK.h */,
				C497E3361B141F78005A3140 /* JLEBeacon.h */,
				C497E3371B141F78005A3140 /* JLEBeaconConfigManager.h */,
				C497E3381B141F78005A3140 /* JLEBeaconDefinitions.h */,
				C497E3391B141F78005A3140 /* JLEBeaconDevice.h */,
				C497E33A1B141F78005A3140 /* JLEBeaconManager.h */,
				C497E33B1B141F78005A3140 /* JLEBeaconRegion.h */,
				C497E33C1B141F78005A3140 /* JLEURIBeacon.h */,
				C497E33D1B141F78005A3140 /* JLEURIBeaconManager.h */,
				C497E33E1B141F78005A3140 /* libJaaleeBeaconSDK.a */,
			);
			name = SDK;
			sourceTree = "<group>";
		};
		C49E585D1B0EE043002B8718 /* Beacon Connection */ = {
			isa = PBXGroup;
			children = (
				C497E31C1B141F4C005A3140 /* AccViewController.h */,
				C497E31D1B141F4C005A3140 /* AccViewController.m */,
				C497E31E1B141F4C005A3140 /* BaseViewController.h */,
				C497E31F1B141F4C005A3140 /* BaseViewController.m */,
				C497E3201B141F4C005A3140 /* BeaconStateViewController.h */,
				C497E3211B141F4C005A3140 /* BeaconStateViewController.m */,
				C497E3221B141F4C005A3140 /* iBeaconViewController.h */,
				C497E3231B141F4C005A3140 /* iBeaconViewController.m */,
				C497E3241B141F4C005A3140 /* MainViewController.h */,
				C497E3251B141F4C005A3140 /* MainViewController.m */,
				C497E3261B141F4C005A3140 /* MotionViewController.h */,
				C497E3271B141F4C005A3140 /* MotionViewController.m */,
				C497E3281B141F4C005A3140 /* PositionViewController.h */,
				C497E3291B141F4C005A3140 /* PositionViewController.m */,
				C497E32A1B141F4C005A3140 /* URIViewController.h */,
				C497E32B1B141F4C005A3140 /* URIViewController.m */,
			);
			name = "Beacon Connection";
			sourceTree = "<group>";
		};
		C4D9B9C01908E45B009983B6 /* Res */ = {
			isa = PBXGroup;
			children = (
				C49E58511B0EDD63002B8718 /* motion.png */,
				C49E58521B0EDD63002B8718 /* position_b.png */,
				C49E58531B0EDD63002B8718 /* position_c.png */,
				C49E58541B0EDD63002B8718 /* position_d.png */,
				C49E58551B0EDD63002B8718 /* position_e.png */,
				C49E58561B0EDD63002B8718 /* position_f.png */,
				C49E584F1B0EDD5A002B8718 /* position_a.png */,
				C4D9B9C11908E467009983B6 /* far_image.png */,
				C4D9B9C21908E467009983B6 /* immediate_image.png */,
				C4D9B9C31908E467009983B6 /* near_image.png */,
				C4D9B9C41908E467009983B6 /* unknown_image.png */,
			);
			name = Res;
			sourceTree = "<group>";
		};
		C4E42C921907C89800A8152C /* Function */ = {
			isa = PBXGroup;
			children = (
				C4D9B9DB1909558C009983B6 /* SVProgressHUD.bundle */,
				C4D9B9DC1909558C009983B6 /* WaitProgressShow.h */,
				C4D9B9DD1909558C009983B6 /* WaitProgressShow.m */,
				C4E42C8F1907C88C00A8152C /* JLEReadBeaconParameters.h */,
				C4E42C901907C88C00A8152C /* JLEReadBeaconParameters.m */,
				C4E42C931907C8E800A8152C /* JLEConfigBeacon.h */,
				C4E42C941907C8E800A8152C /* JLEConfigBeacon.m */,
				C4E42C961907C90200A8152C /* JLEDistancesDemo.h */,
				C4E42C971907C90200A8152C /* JLEDistancesDemo.m */,
				C4E42C991907C94000A8152C /* JLEProximityDemo.h */,
				C4E42C9A1907C94000A8152C /* JLEProximityDemo.m */,
				C4E42C9C1907C95B00A8152C /* JLENotificationDemo.h */,
				C4E42C9D1907C95B00A8152C /* JLENotificationDemo.m */,
				C47E6CC21B0AF16A004B0B09 /* JLEURIBeaconDemo.h */,
				C47E6CC31B0AF16A004B0B09 /* JLEURIBeaconDemo.m */,
			);
			name = Function;
			sourceTree = "<group>";
		};
		C4E983971906220B0029EDB2 /* Inc */ = {
			isa = PBXGroup;
			children = (
			);
			name = Inc;
			sourceTree = "<group>";
		};
/* End PBXGroup section */

/* Begin PBXNativeTarget section */
		C404047F19060F6300B264BA /* Example */ = {
			isa = PBXNativeTarget;
			buildConfigurationList = C40404B219060F6300B264BA /* Build configuration list for PBXNativeTarget "Example" */;
			buildPhases = (
				C404047C19060F6300B264BA /* Sources */,
				C404047D19060F6300B264BA /* Frameworks */,
				C404047E19060F6300B264BA /* Resources */,
			);
			buildRules = (
			);
			dependencies = (
			);
			name = Example;
			productName = Example;
			productReference = C404048019060F6300B264BA /* Example.app */;
			productType = "com.apple.product-type.application";
		};
		C40404A019060F6300B264BA /* ExampleTests */ = {
			isa = PBXNativeTarget;
			buildConfigurationList = C40404B519060F6300B264BA /* Build configuration list for PBXNativeTarget "ExampleTests" */;
			buildPhases = (
				C404049D19060F6300B264BA /* Sources */,
				C404049E19060F6300B264BA /* Frameworks */,
				C404049F19060F6300B264BA /* Resources */,
			);
			buildRules = (
			);
			dependencies = (
				C40404A719060F6300B264BA /* PBXTargetDependency */,
			);
			name = ExampleTests;
			productName = ExampleTests;
			productReference = C40404A119060F6300B264BA /* ExampleTests.xctest */;
			productType = "com.apple.product-type.bundle.unit-test";
		};
/* End PBXNativeTarget section */

/* Begin PBXProject section */
		C404047819060F6300B264BA /* Project object */ = {
			isa = PBXProject;
			attributes = {
				LastUpgradeCheck = 0510;
				ORGANIZATIONNAME = jaalee;
				TargetAttributes = {
					C404047F19060F6300B264BA = {
						DevelopmentTeam = NHQ5TS42W5;
					};
					C40404A019060F6300B264BA = {
						TestTargetID = C404047F19060F6300B264BA;
					};
				};
			};
			buildConfigurationList = C404047B19060F6300B264BA /* Build configuration list for PBXProject "Example" */;
			compatibilityVersion = "Xcode 3.2";
			developmentRegion = English;
			hasScannedForEncodings = 0;
			knownRegions = (
				en,
				Base,
			);
			mainGroup = C404047719060F6300B264BA;
			productRefGroup = C404048119060F6300B264BA /* Products */;
			projectDirPath = "";
			projectRoot = "";
			targets = (
				C404047F19060F6300B264BA /* Example */,
				C40404A019060F6300B264BA /* ExampleTests */,
			);
		};
/* End PBXProject section */

/* Begin PBXResourcesBuildPhase section */
		C404047E19060F6300B264BA /* Resources */ = {
			isa = PBXResourcesBuildPhase;
			buildActionMask = 2147483647;
			files = (
				C49E58501B0EDD5A002B8718 /* position_a.png in Resources */,
				C4D9B9C61908E467009983B6 /* immediate_image.png in Resources */,
				C49E58581B0EDD63002B8718 /* position_b.png in Resources */,
				C4D9B9C71908E467009983B6 /* near_image.png in Resources */,
				C49E585B1B0EDD63002B8718 /* position_e.png in Resources */,
				C49E58591B0EDD63002B8718 /* position_c.png in Resources */,
				C404049C19060F6300B264BA /* Images.xcassets in Resources */,
				C4D9B9DE1909558C009983B6 /* SVProgressHUD.bundle in Resources */,
				C404048E19060F6300B264BA /* InfoPlist.strings in Resources */,
				C404049719060F6300B264BA /* Main.storyboard in Resources */,
				C49E58571B0EDD63002B8718 /* motion.png in Resources */,
				C49E585A1B0EDD63002B8718 /* position_d.png in Resources */,
				C4D9B9C81908E467009983B6 /* unknown_image.png in Resources */,
				C49E585C1B0EDD63002B8718 /* position_f.png in Resources */,
				C4D9B9C51908E467009983B6 /* far_image.png in Resources */,
			);
			runOnlyForDeploymentPostprocessing = 0;
		};
		C404049F19060F6300B264BA /* Resources */ = {
			isa = PBXResourcesBuildPhase;
			buildActionMask = 2147483647;
			files = (
				C40404AD19060F6300B264BA /* InfoPlist.strings in Resources */,
			);
			runOnlyForDeploymentPostprocessing = 0;
		};
/* End PBXResourcesBuildPhase section */

/* Begin PBXSourcesBuildPhase section */
		C404047C19060F6300B264BA /* Sources */ = {
			isa = PBXSourcesBuildPhase;
			buildActionMask = 2147483647;
			files = (
				C497E3321B141F4C005A3140 /* PositionViewController.m in Sources */,
				C4E42C9B1907C94000A8152C /* JLEProximityDemo.m in Sources */,
				C497E32D1B141F4C005A3140 /* BaseViewController.m in Sources */,
				C47E6CC41B0AF16A004B0B09 /* JLEURIBeaconDemo.m in Sources */,
				C404049A19060F6300B264BA /* ViewController.m in Sources */,
				C4E42C951907C8E800A8152C /* JLEConfigBeacon.m in Sources */,
				C4E42C911907C88C00A8152C /* JLEReadBeaconParameters.m in Sources */,
				C497E3311B141F4C005A3140 /* MotionViewController.m in Sources */,
				C404049419060F6300B264BA /* AppDelegate.m in Sources */,
				C4D9B9DF1909558C009983B6 /* WaitProgressShow.m in Sources */,
				C404049019060F6300B264BA /* main.m in Sources */,
				C497E3331B141F4C005A3140 /* URIViewController.m in Sources */,
				C4E42C981907C90200A8152C /* JLEDistancesDemo.m in Sources */,
				C497E32F1B141F4C005A3140 /* iBeaconViewController.m in Sources */,
				C497E32C1B141F4C005A3140 /* AccViewController.m in Sources */,
				C4E42C9E1907C95B00A8152C /* JLENotificationDemo.m in Sources */,
				C497E3301B141F4C005A3140 /* MainViewController.m in Sources */,
				C497E32E1B141F4C005A3140 /* BeaconStateViewController.m in Sources */,
			);
			runOnlyForDeploymentPostprocessing = 0;
		};
		C404049D19060F6300B264BA /* Sources */ = {
			isa = PBXSourcesBuildPhase;
			buildActionMask = 2147483647;
			files = (
				C40404AF19060F6300B264BA /* ExampleTests.m in Sources */,
			);
			runOnlyForDeploymentPostprocessing = 0;
		};
/* End PBXSourcesBuildPhase section */

/* Begin PBXTargetDependency section */
		C40404A719060F6300B264BA /* PBXTargetDependency */ = {
			isa = PBXTargetDependency;
			target = C404047F19060F6300B264BA /* Example */;
			targetProxy = C40404A619060F6300B264BA /* PBXContainerItemProxy */;
		};
/* End PBXTargetDependency section */

/* Begin PBXVariantGroup section */
		C404048C19060F6300B264BA /* InfoPlist.strings */ = {
			isa = PBXVariantGroup;
			children = (
				C404048D19060F6300B264BA /* en */,
			);
			name = InfoPlist.strings;
			sourceTree = "<group>";
		};
		C404049519060F6300B264BA /* Main.storyboard */ = {
			isa = PBXVariantGroup;
			children = (
				C404049619060F6300B264BA /* Base */,
			);
			name = Main.storyboard;
			sourceTree = "<group>";
		};
		C40404AB19060F6300B264BA /* InfoPlist.strings */ = {
			isa = PBXVariantGroup;
			children = (
				C40404AC19060F6300B264BA /* en */,
			);
			name = InfoPlist.strings;
			sourceTree = "<group>";
		};
/* End PBXVariantGroup section */

/* Begin XCBuildConfiguration section */
		C40404B019060F6300B264BA /* Debug */ = {
			isa = XCBuildConfiguration;
			buildSettings = {
				ALWAYS_SEARCH_USER_PATHS = NO;
				CLANG_CXX_LANGUAGE_STANDARD = "gnu++0x";
				CLANG_CXX_LIBRARY = "libc++";
				CLANG_ENABLE_MODULES = YES;
				CLANG_ENABLE_OBJC_ARC = YES;
				CLANG_WARN_BOOL_CONVERSION = YES;
				CLANG_WARN_CONSTANT_CONVERSION = YES;
				CLANG_WARN_DIRECT_OBJC_ISA_USAGE = YES_ERROR;
				CLANG_WARN_EMPTY_BODY = YES;
				CLANG_WARN_ENUM_CONVERSION = YES;
				CLANG_WARN_INT_CONVERSION = YES;
				CLANG_WARN_OBJC_ROOT_CLASS = YES_ERROR;
				CLANG_WARN__DUPLICATE_METHOD_MATCH = YES;
				"CODE_SIGN_IDENTITY[sdk=iphoneos*]" = "iPhone Developer";
				COPY_PHASE_STRIP = NO;
				GCC_C_LANGUAGE_STANDARD = gnu99;
				GCC_DYNAMIC_NO_PIC = NO;
				GCC_OPTIMIZATION_LEVEL = 0;
				GCC_PREPROCESSOR_DEFINITIONS = (
					"DEBUG=1",
					"$(inherited)",
				);
				GCC_SYMBOLS_PRIVATE_EXTERN = NO;
				GCC_WARN_64_TO_32_BIT_CONVERSION = YES;
				GCC_WARN_ABOUT_RETURN_TYPE = YES_ERROR;
				GCC_WARN_UNDECLARED_SELECTOR = YES;
				GCC_WARN_UNINITIALIZED_AUTOS = YES_AGGRESSIVE;
				GCC_WARN_UNUSED_FUNCTION = YES;
				GCC_WARN_UNUSED_VARIABLE = YES;
				IPHONEOS_DEPLOYMENT_TARGET = 7.1;
				ONLY_ACTIVE_ARCH = YES;
				SDKROOT = iphoneos;
			};
			name = Debug;
		};
		C40404B119060F6300B264BA /* Release */ = {
			isa = XCBuildConfiguration;
			buildSettings = {
				ALWAYS_SEARCH_USER_PATHS = NO;
				CLANG_CXX_LANGUAGE_STANDARD = "gnu++0x";
				CLANG_CXX_LIBRARY = "libc++";
				CLANG_ENABLE_MODULES = YES;
				CLANG_ENABLE_OBJC_ARC = YES;
				CLANG_WARN_BOOL_CONVERSION = YES;
				CLANG_WARN_CONSTANT_CONVERSION = YES;
				CLANG_WARN_DIRECT_OBJC_ISA_USAGE = YES_ERROR;
				CLANG_WARN_EMPTY_BODY = YES;
				CLANG_WARN_ENUM_CONVERSION = YES;
				CLANG_WARN_INT_CONVERSION = YES;
				CLANG_WARN_OBJC_ROOT_CLASS = YES_ERROR;
				CLANG_WARN__DUPLICATE_METHOD_MATCH = YES;
				"CODE_SIGN_IDENTITY[sdk=iphoneos*]" = "iPhone Developer";
				COPY_PHASE_STRIP = YES;
				ENABLE_NS_ASSERTIONS = NO;
				GCC_C_LANGUAGE_STANDARD = gnu99;
				GCC_WARN_64_TO_32_BIT_CONVERSION = YES;
				GCC_WARN_ABOUT_RETURN_TYPE = YES_ERROR;
				GCC_WARN_UNDECLARED_SELECTOR = YES;
				GCC_WARN_UNINITIALIZED_AUTOS = YES_AGGRESSIVE;
				GCC_WARN_UNUSED_FUNCTION = YES;
				GCC_WARN_UNUSED_VARIABLE = YES;
				IPHONEOS_DEPLOYMENT_TARGET = 7.1;
				SDKROOT = iphoneos;
				VALIDATE_PRODUCT = YES;
			};
			name = Release;
		};
		C40404B319060F6300B264BA /* Debug */ = {
			isa = XCBuildConfiguration;
			buildSettings = {
				ASSETCATALOG_COMPILER_APPICON_NAME = AppIcon;
				ASSETCATALOG_COMPILER_LAUNCHIMAGE_NAME = LaunchImage;
				CODE_SIGN_IDENTITY = "iPhone Developer";
				GCC_PRECOMPILE_PREFIX_HEADER = YES;
				GCC_PREFIX_HEADER = "Example/Example-Prefix.pch";
				INFOPLIST_FILE = "Example/Example-Info.plist";
				LIBRARY_SEARCH_PATHS = (
					"$(inherited)",
					"$(PROJECT_DIR)/../SDK",
					"$(PROJECT_DIR)/SDK",
				);
				PRODUCT_NAME = "$(TARGET_NAME)";
				USER_HEADER_SEARCH_PATHS = "$(BUILT_PRODUCTS_DIR)/JaaleeBeaconSDK $(BUILT_PRODUCTS_DIR)";
				WRAPPER_EXTENSION = app;
			};
			name = Debug;
		};
		C40404B419060F6300B264BA /* Release */ = {
			isa = XCBuildConfiguration;
			buildSettings = {
				ASSETCATALOG_COMPILER_APPICON_NAME = AppIcon;
				ASSETCATALOG_COMPILER_LAUNCHIMAGE_NAME = LaunchImage;
				CODE_SIGN_IDENTITY = "iPhone Developer";
				GCC_PRECOMPILE_PREFIX_HEADER = YES;
				GCC_PREFIX_HEADER = "Example/Example-Prefix.pch";
				INFOPLIST_FILE = "Example/Example-Info.plist";
				LIBRARY_SEARCH_PATHS = (
					"$(inherited)",
					"$(PROJECT_DIR)/../SDK",
					"$(PROJECT_DIR)/SDK",
				);
				PRODUCT_NAME = "$(TARGET_NAME)";
				USER_HEADER_SEARCH_PATHS = "$(BUILT_PRODUCTS_DIR)/JaaleeBeaconSDK $(BUILT_PRODUCTS_DIR)";
				WRAPPER_EXTENSION = app;
			};
			name = Release;
		};
		C40404B619060F6300B264BA /* Debug */ = {
			isa = XCBuildConfiguration;
			buildSettings = {
				BUNDLE_LOADER = "$(BUILT_PRODUCTS_DIR)/Example.app/Example";
				FRAMEWORK_SEARCH_PATHS = (
					"$(SDKROOT)/Developer/Library/Frameworks",
					"$(inherited)",
					"$(DEVELOPER_FRAMEWORKS_DIR)",
				);
				GCC_PRECOMPILE_PREFIX_HEADER = YES;
				GCC_PREFIX_HEADER = "Example/Example-Prefix.pch";
				GCC_PREPROCESSOR_DEFINITIONS = (
					"DEBUG=1",
					"$(inherited)",
				);
				INFOPLIST_FILE = "ExampleTests/ExampleTests-Info.plist";
				PRODUCT_NAME = "$(TARGET_NAME)";
				TEST_HOST = "$(BUNDLE_LOADER)";
				WRAPPER_EXTENSION = xctest;
			};
			name = Debug;
		};
		C40404B719060F6300B264BA /* Release */ = {
			isa = XCBuildConfiguration;
			buildSettings = {
				BUNDLE_LOADER = "$(BUILT_PRODUCTS_DIR)/Example.app/Example";
				FRAMEWORK_SEARCH_PATHS = (
					"$(SDKROOT)/Developer/Library/Frameworks",
					"$(inherited)",
					"$(DEVELOPER_FRAMEWORKS_DIR)",
				);
				GCC_PRECOMPILE_PREFIX_HEADER = YES;
				GCC_PREFIX_HEADER = "Example/Example-Prefix.pch";
				INFOPLIST_FILE = "ExampleTests/ExampleTests-Info.plist";
				PRODUCT_NAME = "$(TARGET_NAME)";
				TEST_HOST = "$(BUNDLE_LOADER)";
				WRAPPER_EXTENSION = xctest;
			};
			name = Release;
		};
/* End XCBuildConfiguration section */

/* Begin XCConfigurationList section */
		C404047B19060F6300B264BA /* Build configuration list for PBXProject "Example" */ = {
			isa = XCConfigurationList;
			buildConfigurations = (
				C40404B019060F6300B264BA /* Debug */,
				C40404B119060F6300B264BA /* Release */,
			);
			defaultConfigurationIsVisible = 0;
			defaultConfigurationName = Release;
		};
		C40404B219060F6300B264BA /* Build configuration list for PBXNativeTarget "Example" */ = {
			isa = XCConfigurationList;
			buildConfigurations = (
				C40404B319060F6300B264BA /* Debug */,
				C40404B419060F6300B264BA /* Release */,
			);
			defaultConfigurationIsVisible = 0;
			defaultConfigurationName = Release;
		};
		C40404B519060F6300B264BA /* Build configuration list for PBXNativeTarget "ExampleTests" */ = {
			isa = XCConfigurationList;
			buildConfigurations = (
				C40404B619060F6300B264BA /* Debug */,
				C40404B719060F6300B264BA /* Release */,
			);
			defaultConfigurationIsVisible = 0;
			defaultConfigurationName = Release;
		};
/* End XCConfigurationList section */
	};
	rootObject = C404047819060F6300B264BA /* Project object */;
}
